# This file is automatically @generated by Cargo.
# It is not intended for manual editing.
version = 4

[[package]]
name = "degg-inclusion-availability"
version = "0.0.0"

[[package]]
name = "degg-relation-ir"
version = "0.0.0"

[[package]]
name = "degg-shielded-baseline"
version = "0.0.0"
dependencies = [
 "degg-inclusion-availability",
 "degg-relation-ir",
]
