# This file is automatically @generated by Cargo.
# It is not intended for manual editing.
version = 4

[[package]]
name = "dark-fba-toy"
version = "0.0.0"

[[package]]
name = "degg-batch-oracle"
version = "0.0.0"

[[package]]
name = "degg-relation-ir"
version = "0.0.0"

[[package]]
name = "degg-relation-ir-differ"
version = "0.0.0"
dependencies = [
 "dark-fba-toy",
 "degg-batch-oracle",
 "degg-relation-ir",
]
